
Microsoft Visual Studio Solution File, Format Version 12.00
# Visual Studio 15
VisualStudioVersion = 15.0.26730.15
MinimumVisualStudioVersion = 15.0.26124.0
Project("{9A19103F-16F7-4668-BE54-9A1E7A4F7556}") = "CHC.Consent.Common", "CHC.Consent.Common\CHC.Consent.Common.csproj", "{3A2BA605-7F23-44EB-9E7B-2231553F5FD4}"
EndProject
Project("{9A19103F-16F7-4668-BE54-9A1E7A4F7556}") = "CHC.Consent.Common.Tests", "CHC.Consent.Common.Tests\CHC.Consent.Common.Tests.csproj", "{B0DDAA1C-BEBA-4A20-A26A-351CC3E89CB8}"
EndProject
Project("{9A19103F-16F7-4668-BE54-9A1E7A4F7556}") = "CHC.Consent.IntegrationTests", "CHC.Consent.IntegrationTests\CHC.Consent.IntegrationTests.csproj", "{69466B95-E11B-496B-BEF6-6E33352442D3}"
EndProject
Project("{9A19103F-16F7-4668-BE54-9A1E7A4F7556}") = "CHC.Consent.NHibernate", "CHC.Consent.NHibernate\CHC.Consent.NHibernate.csproj", "{15524136-60DD-4112-A90D-2E945CB1715B}"
EndProject
Project("{9A19103F-16F7-4668-BE54-9A1E7A4F7556}") = "CHC.Consent.NHibernate.Tests", "CHC.Consent.NHibernate.Tests\CHC.Consent.NHibernate.Tests.csproj", "{D54908E2-0BF9-4D95-A418-30AD85B3D337}"
EndProject
Project("{9A19103F-16F7-4668-BE54-9A1E7A4F7556}") = "CHC.Consent.Core", "CHC.Consent.Core\CHC.Consent.Core.csproj", "{B75A35F5-BDBC-4401-BC6D-F07830D8C547}"
EndProject
Project("{9A19103F-16F7-4668-BE54-9A1E7A4F7556}") = "CHC.Consent.Identity.Core", "CHC.Consent.Identity.Core\CHC.Consent.Identity.Core.csproj", "{96EEB3E8-8D62-4587-ADFB-D61855AF4DB7}"
EndProject
Project("{2150E333-8FDC-42A3-9474-1A3956D46DE8}") = "Consent", "Consent", "{F853C721-D5FA-4280-9D7C-8026E4DE83EC}"
EndProject
Project("{2150E333-8FDC-42A3-9474-1A3956D46DE8}") = "Identity", "Identity", "{F31F3008-05D0-441F-8334-D0F237368C38}"
EndProject
Project("{2150E333-8FDC-42A3-9474-1A3956D46DE8}") = "Common", "Common", "{67532661-E8F4-4EB6-91FD-281A12700C03}"
EndProject
Project("{9A19103F-16F7-4668-BE54-9A1E7A4F7556}") = "CHC.Consent.Testing.NHibernate", "CHC.Consent.Testing.NHibernate\CHC.Consent.Testing.NHibernate.csproj", "{48993D7C-C4BC-4B04-AF2D-3619EA7511E3}"
EndProject
Project("{9A19103F-16F7-4668-BE54-9A1E7A4F7556}") = "CHC.Consent.Identity.SimpleIdentity", "CHC.Consent.Identity.SimpleIdentity\CHC.Consent.Identity.SimpleIdentity.csproj", "{25FFEFA0-58AD-428D-83C6-55C0C5454EDD}"
EndProject
Project("{9A19103F-16F7-4668-BE54-9A1E7A4F7556}") = "CHC.Consent.Import.Core", "CHC.Consent.Import.Core\CHC.Consent.Import.Core.csproj", "{5F02E587-7393-423C-A8CE-449D6911D2CD}"
EndProject
Project("{2150E333-8FDC-42A3-9474-1A3956D46DE8}") = "NHibernate", "NHibernate", "{40CBE6CB-B1F7-42C7-8236-0208B8E826C0}"
EndProject
Project("{9A19103F-16F7-4668-BE54-9A1E7A4F7556}") = "CHC.Consent.NHibernate.Identity", "CHC.Consent.NHibernate.Identity\CHC.Consent.NHibernate.Identity.csproj", "{606ABE68-7BC3-4237-B75D-E45213BE7AA5}"
EndProject
Project("{9A19103F-16F7-4668-BE54-9A1E7A4F7556}") = "CHC.Consent.NHibernate.Configuration", "CHC.Consent.NHibernate.Configuration\CHC.Consent.NHibernate.Configuration.csproj", "{741E7682-CC3E-46BD-9DCC-A3454362F32C}"
EndProject
Project("{9A19103F-16F7-4668-BE54-9A1E7A4F7556}") = "CHC.Consent.Utils", "CHC.Consent.Utils\CHC.Consent.Utils.csproj", "{DC9F4C3B-7957-4F98-9612-FDE37345CCA8}"
EndProject
Project("{FAE04EC0-301F-11D3-BF4B-00C04F79EFBC}") = "CHC.Consent.Utils.Tests", "CHC.Consent.Utils.Tests\CHC.Consent.Utils.Tests.csproj", "{BCD58A2F-99BD-4763-A42A-CDE60F9CEEB6}"
EndProject
Global
	GlobalSection(SolutionConfigurationPlatforms) = preSolution
		Debug|Any CPU = Debug|Any CPU
		Debug|x64 = Debug|x64
		Debug|x86 = Debug|x86
		Release|Any CPU = Release|Any CPU
		Release|x64 = Release|x64
		Release|x86 = Release|x86
	EndGlobalSection
	GlobalSection(ProjectConfigurationPlatforms) = postSolution
		{3A2BA605-7F23-44EB-9E7B-2231553F5FD4}.Debug|Any CPU.ActiveCfg = Debug|Any CPU
		{3A2BA605-7F23-44EB-9E7B-2231553F5FD4}.Debug|Any CPU.Build.0 = Debug|Any CPU
		{3A2BA605-7F23-44EB-9E7B-2231553F5FD4}.Debug|x64.ActiveCfg = Debug|Any CPU
		{3A2BA605-7F23-44EB-9E7B-2231553F5FD4}.Debug|x64.Build.0 = Debug|Any CPU
		{3A2BA605-7F23-44EB-9E7B-2231553F5FD4}.Debug|x86.ActiveCfg = Debug|Any CPU
		{3A2BA605-7F23-44EB-9E7B-2231553F5FD4}.Debug|x86.Build.0 = Debug|Any CPU
		{3A2BA605-7F23-44EB-9E7B-2231553F5FD4}.Release|Any CPU.ActiveCfg = Release|Any CPU
		{3A2BA605-7F23-44EB-9E7B-2231553F5FD4}.Release|Any CPU.Build.0 = Release|Any CPU
		{3A2BA605-7F23-44EB-9E7B-2231553F5FD4}.Release|x64.ActiveCfg = Release|Any CPU
		{3A2BA605-7F23-44EB-9E7B-2231553F5FD4}.Release|x64.Build.0 = Release|Any CPU
		{3A2BA605-7F23-44EB-9E7B-2231553F5FD4}.Release|x86.ActiveCfg = Release|Any CPU
		{3A2BA605-7F23-44EB-9E7B-2231553F5FD4}.Release|x86.Build.0 = Release|Any CPU
		{B0DDAA1C-BEBA-4A20-A26A-351CC3E89CB8}.Debug|Any CPU.ActiveCfg = Debug|Any CPU
		{B0DDAA1C-BEBA-4A20-A26A-351CC3E89CB8}.Debug|Any CPU.Build.0 = Debug|Any CPU
		{B0DDAA1C-BEBA-4A20-A26A-351CC3E89CB8}.Debug|x64.ActiveCfg = Debug|Any CPU
		{B0DDAA1C-BEBA-4A20-A26A-351CC3E89CB8}.Debug|x64.Build.0 = Debug|Any CPU
		{B0DDAA1C-BEBA-4A20-A26A-351CC3E89CB8}.Debug|x86.ActiveCfg = Debug|Any CPU
		{B0DDAA1C-BEBA-4A20-A26A-351CC3E89CB8}.Debug|x86.Build.0 = Debug|Any CPU
		{B0DDAA1C-BEBA-4A20-A26A-351CC3E89CB8}.Release|Any CPU.ActiveCfg = Release|Any CPU
		{B0DDAA1C-BEBA-4A20-A26A-351CC3E89CB8}.Release|Any CPU.Build.0 = Release|Any CPU
		{B0DDAA1C-BEBA-4A20-A26A-351CC3E89CB8}.Release|x64.ActiveCfg = Release|Any CPU
		{B0DDAA1C-BEBA-4A20-A26A-351CC3E89CB8}.Release|x64.Build.0 = Release|Any CPU
		{B0DDAA1C-BEBA-4A20-A26A-351CC3E89CB8}.Release|x86.ActiveCfg = Release|Any CPU
		{B0DDAA1C-BEBA-4A20-A26A-351CC3E89CB8}.Release|x86.Build.0 = Release|Any CPU
		{69466B95-E11B-496B-BEF6-6E33352442D3}.Debug|Any CPU.ActiveCfg = Debug|Any CPU
		{69466B95-E11B-496B-BEF6-6E33352442D3}.Debug|Any CPU.Build.0 = Debug|Any CPU
		{69466B95-E11B-496B-BEF6-6E33352442D3}.Debug|x64.ActiveCfg = Debug|Any CPU
		{69466B95-E11B-496B-BEF6-6E33352442D3}.Debug|x64.Build.0 = Debug|Any CPU
		{69466B95-E11B-496B-BEF6-6E33352442D3}.Debug|x86.ActiveCfg = Debug|Any CPU
		{69466B95-E11B-496B-BEF6-6E33352442D3}.Debug|x86.Build.0 = Debug|Any CPU
		{69466B95-E11B-496B-BEF6-6E33352442D3}.Release|Any CPU.ActiveCfg = Release|Any CPU
		{69466B95-E11B-496B-BEF6-6E33352442D3}.Release|Any CPU.Build.0 = Release|Any CPU
		{69466B95-E11B-496B-BEF6-6E33352442D3}.Release|x64.ActiveCfg = Release|Any CPU
		{69466B95-E11B-496B-BEF6-6E33352442D3}.Release|x64.Build.0 = Release|Any CPU
		{69466B95-E11B-496B-BEF6-6E33352442D3}.Release|x86.ActiveCfg = Release|Any CPU
		{69466B95-E11B-496B-BEF6-6E33352442D3}.Release|x86.Build.0 = Release|Any CPU
		{15524136-60DD-4112-A90D-2E945CB1715B}.Debug|Any CPU.ActiveCfg = Debug|Any CPU
		{15524136-60DD-4112-A90D-2E945CB1715B}.Debug|Any CPU.Build.0 = Debug|Any CPU
		{15524136-60DD-4112-A90D-2E945CB1715B}.Debug|x64.ActiveCfg = Debug|Any CPU
		{15524136-60DD-4112-A90D-2E945CB1715B}.Debug|x64.Build.0 = Debug|Any CPU
		{15524136-60DD-4112-A90D-2E945CB1715B}.Debug|x86.ActiveCfg = Debug|Any CPU
		{15524136-60DD-4112-A90D-2E945CB1715B}.Debug|x86.Build.0 = Debug|Any CPU
		{15524136-60DD-4112-A90D-2E945CB1715B}.Release|Any CPU.ActiveCfg = Release|Any CPU
		{15524136-60DD-4112-A90D-2E945CB1715B}.Release|Any CPU.Build.0 = Release|Any CPU
		{15524136-60DD-4112-A90D-2E945CB1715B}.Release|x64.ActiveCfg = Release|Any CPU
		{15524136-60DD-4112-A90D-2E945CB1715B}.Release|x64.Build.0 = Release|Any CPU
		{15524136-60DD-4112-A90D-2E945CB1715B}.Release|x86.ActiveCfg = Release|Any CPU
		{15524136-60DD-4112-A90D-2E945CB1715B}.Release|x86.Build.0 = Release|Any CPU
		{D54908E2-0BF9-4D95-A418-30AD85B3D337}.Debug|Any CPU.ActiveCfg = Debug|Any CPU
		{D54908E2-0BF9-4D95-A418-30AD85B3D337}.Debug|Any CPU.Build.0 = Debug|Any CPU
		{D54908E2-0BF9-4D95-A418-30AD85B3D337}.Debug|x64.ActiveCfg = Debug|Any CPU
		{D54908E2-0BF9-4D95-A418-30AD85B3D337}.Debug|x64.Build.0 = Debug|Any CPU
		{D54908E2-0BF9-4D95-A418-30AD85B3D337}.Debug|x86.ActiveCfg = Debug|Any CPU
		{D54908E2-0BF9-4D95-A418-30AD85B3D337}.Debug|x86.Build.0 = Debug|Any CPU
		{D54908E2-0BF9-4D95-A418-30AD85B3D337}.Release|Any CPU.ActiveCfg = Release|Any CPU
		{D54908E2-0BF9-4D95-A418-30AD85B3D337}.Release|Any CPU.Build.0 = Release|Any CPU
		{D54908E2-0BF9-4D95-A418-30AD85B3D337}.Release|x64.ActiveCfg = Release|Any CPU
		{D54908E2-0BF9-4D95-A418-30AD85B3D337}.Release|x64.Build.0 = Release|Any CPU
		{D54908E2-0BF9-4D95-A418-30AD85B3D337}.Release|x86.ActiveCfg = Release|Any CPU
		{D54908E2-0BF9-4D95-A418-30AD85B3D337}.Release|x86.Build.0 = Release|Any CPU
		{B75A35F5-BDBC-4401-BC6D-F07830D8C547}.Debug|Any CPU.ActiveCfg = Debug|Any CPU
		{B75A35F5-BDBC-4401-BC6D-F07830D8C547}.Debug|Any CPU.Build.0 = Debug|Any CPU
		{B75A35F5-BDBC-4401-BC6D-F07830D8C547}.Debug|x64.ActiveCfg = Debug|Any CPU
		{B75A35F5-BDBC-4401-BC6D-F07830D8C547}.Debug|x64.Build.0 = Debug|Any CPU
		{B75A35F5-BDBC-4401-BC6D-F07830D8C547}.Debug|x86.ActiveCfg = Debug|Any CPU
		{B75A35F5-BDBC-4401-BC6D-F07830D8C547}.Debug|x86.Build.0 = Debug|Any CPU
		{B75A35F5-BDBC-4401-BC6D-F07830D8C547}.Release|Any CPU.ActiveCfg = Release|Any CPU
		{B75A35F5-BDBC-4401-BC6D-F07830D8C547}.Release|Any CPU.Build.0 = Release|Any CPU
		{B75A35F5-BDBC-4401-BC6D-F07830D8C547}.Release|x64.ActiveCfg = Release|Any CPU
		{B75A35F5-BDBC-4401-BC6D-F07830D8C547}.Release|x64.Build.0 = Release|Any CPU
		{B75A35F5-BDBC-4401-BC6D-F07830D8C547}.Release|x86.ActiveCfg = Release|Any CPU
		{B75A35F5-BDBC-4401-BC6D-F07830D8C547}.Release|x86.Build.0 = Release|Any CPU
		{96EEB3E8-8D62-4587-ADFB-D61855AF4DB7}.Debug|Any CPU.ActiveCfg = Debug|Any CPU
		{96EEB3E8-8D62-4587-ADFB-D61855AF4DB7}.Debug|Any CPU.Build.0 = Debug|Any CPU
		{96EEB3E8-8D62-4587-ADFB-D61855AF4DB7}.Debug|x64.ActiveCfg = Debug|Any CPU
		{96EEB3E8-8D62-4587-ADFB-D61855AF4DB7}.Debug|x64.Build.0 = Debug|Any CPU
		{96EEB3E8-8D62-4587-ADFB-D61855AF4DB7}.Debug|x86.ActiveCfg = Debug|Any CPU
		{96EEB3E8-8D62-4587-ADFB-D61855AF4DB7}.Debug|x86.Build.0 = Debug|Any CPU
		{96EEB3E8-8D62-4587-ADFB-D61855AF4DB7}.Release|Any CPU.ActiveCfg = Release|Any CPU
		{96EEB3E8-8D62-4587-ADFB-D61855AF4DB7}.Release|Any CPU.Build.0 = Release|Any CPU
		{96EEB3E8-8D62-4587-ADFB-D61855AF4DB7}.Release|x64.ActiveCfg = Release|Any CPU
		{96EEB3E8-8D62-4587-ADFB-D61855AF4DB7}.Release|x64.Build.0 = Release|Any CPU
		{96EEB3E8-8D62-4587-ADFB-D61855AF4DB7}.Release|x86.ActiveCfg = Release|Any CPU
		{96EEB3E8-8D62-4587-ADFB-D61855AF4DB7}.Release|x86.Build.0 = Release|Any CPU
		{48993D7C-C4BC-4B04-AF2D-3619EA7511E3}.Debug|Any CPU.ActiveCfg = Debug|Any CPU
		{48993D7C-C4BC-4B04-AF2D-3619EA7511E3}.Debug|Any CPU.Build.0 = Debug|Any CPU
		{48993D7C-C4BC-4B04-AF2D-3619EA7511E3}.Debug|x64.ActiveCfg = Debug|Any CPU
		{48993D7C-C4BC-4B04-AF2D-3619EA7511E3}.Debug|x64.Build.0 = Debug|Any CPU
		{48993D7C-C4BC-4B04-AF2D-3619EA7511E3}.Debug|x86.ActiveCfg = Debug|Any CPU
		{48993D7C-C4BC-4B04-AF2D-3619EA7511E3}.Debug|x86.Build.0 = Debug|Any CPU
		{48993D7C-C4BC-4B04-AF2D-3619EA7511E3}.Release|Any CPU.ActiveCfg = Release|Any CPU
		{48993D7C-C4BC-4B04-AF2D-3619EA7511E3}.Release|Any CPU.Build.0 = Release|Any CPU
		{48993D7C-C4BC-4B04-AF2D-3619EA7511E3}.Release|x64.ActiveCfg = Release|Any CPU
		{48993D7C-C4BC-4B04-AF2D-3619EA7511E3}.Release|x64.Build.0 = Release|Any CPU
		{48993D7C-C4BC-4B04-AF2D-3619EA7511E3}.Release|x86.ActiveCfg = Release|Any CPU
		{48993D7C-C4BC-4B04-AF2D-3619EA7511E3}.Release|x86.Build.0 = Release|Any CPU
		{25FFEFA0-58AD-428D-83C6-55C0C5454EDD}.Debug|Any CPU.ActiveCfg = Debug|Any CPU
		{25FFEFA0-58AD-428D-83C6-55C0C5454EDD}.Debug|Any CPU.Build.0 = Debug|Any CPU
		{25FFEFA0-58AD-428D-83C6-55C0C5454EDD}.Debug|x64.ActiveCfg = Debug|Any CPU
		{25FFEFA0-58AD-428D-83C6-55C0C5454EDD}.Debug|x64.Build.0 = Debug|Any CPU
		{25FFEFA0-58AD-428D-83C6-55C0C5454EDD}.Debug|x86.ActiveCfg = Debug|Any CPU
		{25FFEFA0-58AD-428D-83C6-55C0C5454EDD}.Debug|x86.Build.0 = Debug|Any CPU
		{25FFEFA0-58AD-428D-83C6-55C0C5454EDD}.Release|Any CPU.ActiveCfg = Release|Any CPU
		{25FFEFA0-58AD-428D-83C6-55C0C5454EDD}.Release|Any CPU.Build.0 = Release|Any CPU
		{25FFEFA0-58AD-428D-83C6-55C0C5454EDD}.Release|x64.ActiveCfg = Release|Any CPU
		{25FFEFA0-58AD-428D-83C6-55C0C5454EDD}.Release|x64.Build.0 = Release|Any CPU
		{25FFEFA0-58AD-428D-83C6-55C0C5454EDD}.Release|x86.ActiveCfg = Release|Any CPU
		{25FFEFA0-58AD-428D-83C6-55C0C5454EDD}.Release|x86.Build.0 = Release|Any CPU
		{5F02E587-7393-423C-A8CE-449D6911D2CD}.Debug|Any CPU.ActiveCfg = Debug|Any CPU
		{5F02E587-7393-423C-A8CE-449D6911D2CD}.Debug|Any CPU.Build.0 = Debug|Any CPU
		{5F02E587-7393-423C-A8CE-449D6911D2CD}.Debug|x64.ActiveCfg = Debug|Any CPU
		{5F02E587-7393-423C-A8CE-449D6911D2CD}.Debug|x64.Build.0 = Debug|Any CPU
		{5F02E587-7393-423C-A8CE-449D6911D2CD}.Debug|x86.ActiveCfg = Debug|Any CPU
		{5F02E587-7393-423C-A8CE-449D6911D2CD}.Debug|x86.Build.0 = Debug|Any CPU
		{5F02E587-7393-423C-A8CE-449D6911D2CD}.Release|Any CPU.ActiveCfg = Release|Any CPU
		{5F02E587-7393-423C-A8CE-449D6911D2CD}.Release|Any CPU.Build.0 = Release|Any CPU
		{5F02E587-7393-423C-A8CE-449D6911D2CD}.Release|x64.ActiveCfg = Release|Any CPU
		{5F02E587-7393-423C-A8CE-449D6911D2CD}.Release|x64.Build.0 = Release|Any CPU
		{5F02E587-7393-423C-A8CE-449D6911D2CD}.Release|x86.ActiveCfg = Release|Any CPU
		{5F02E587-7393-423C-A8CE-449D6911D2CD}.Release|x86.Build.0 = Release|Any CPU
		{606ABE68-7BC3-4237-B75D-E45213BE7AA5}.Debug|Any CPU.ActiveCfg = Debug|Any CPU
		{606ABE68-7BC3-4237-B75D-E45213BE7AA5}.Debug|Any CPU.Build.0 = Debug|Any CPU
		{606ABE68-7BC3-4237-B75D-E45213BE7AA5}.Debug|x64.ActiveCfg = Debug|Any CPU
		{606ABE68-7BC3-4237-B75D-E45213BE7AA5}.Debug|x64.Build.0 = Debug|Any CPU
		{606ABE68-7BC3-4237-B75D-E45213BE7AA5}.Debug|x86.ActiveCfg = Debug|Any CPU
		{606ABE68-7BC3-4237-B75D-E45213BE7AA5}.Debug|x86.Build.0 = Debug|Any CPU
		{606ABE68-7BC3-4237-B75D-E45213BE7AA5}.Release|Any CPU.ActiveCfg = Release|Any CPU
		{606ABE68-7BC3-4237-B75D-E45213BE7AA5}.Release|Any CPU.Build.0 = Release|Any CPU
		{606ABE68-7BC3-4237-B75D-E45213BE7AA5}.Release|x64.ActiveCfg = Release|Any CPU
		{606ABE68-7BC3-4237-B75D-E45213BE7AA5}.Release|x64.Build.0 = Release|Any CPU
		{606ABE68-7BC3-4237-B75D-E45213BE7AA5}.Release|x86.ActiveCfg = Release|Any CPU
		{606ABE68-7BC3-4237-B75D-E45213BE7AA5}.Release|x86.Build.0 = Release|Any CPU
		{741E7682-CC3E-46BD-9DCC-A3454362F32C}.Debug|Any CPU.ActiveCfg = Debug|Any CPU
		{741E7682-CC3E-46BD-9DCC-A3454362F32C}.Debug|Any CPU.Build.0 = Debug|Any CPU
		{741E7682-CC3E-46BD-9DCC-A3454362F32C}.Debug|x64.ActiveCfg = Debug|Any CPU
		{741E7682-CC3E-46BD-9DCC-A3454362F32C}.Debug|x64.Build.0 = Debug|Any CPU
		{741E7682-CC3E-46BD-9DCC-A3454362F32C}.Debug|x86.ActiveCfg = Debug|Any CPU
		{741E7682-CC3E-46BD-9DCC-A3454362F32C}.Debug|x86.Build.0 = Debug|Any CPU
		{741E7682-CC3E-46BD-9DCC-A3454362F32C}.Release|Any CPU.ActiveCfg = Release|Any CPU
		{741E7682-CC3E-46BD-9DCC-A3454362F32C}.Release|Any CPU.Build.0 = Release|Any CPU
		{741E7682-CC3E-46BD-9DCC-A3454362F32C}.Release|x64.ActiveCfg = Release|Any CPU
		{741E7682-CC3E-46BD-9DCC-A3454362F32C}.Release|x64.Build.0 = Release|Any CPU
		{741E7682-CC3E-46BD-9DCC-A3454362F32C}.Release|x86.ActiveCfg = Release|Any CPU
		{741E7682-CC3E-46BD-9DCC-A3454362F32C}.Release|x86.Build.0 = Release|Any CPU
		{DC9F4C3B-7957-4F98-9612-FDE37345CCA8}.Debug|Any CPU.ActiveCfg = Debug|Any CPU
		{DC9F4C3B-7957-4F98-9612-FDE37345CCA8}.Debug|Any CPU.Build.0 = Debug|Any CPU
		{DC9F4C3B-7957-4F98-9612-FDE37345CCA8}.Debug|x64.ActiveCfg = Debug|Any CPU
		{DC9F4C3B-7957-4F98-9612-FDE37345CCA8}.Debug|x64.Build.0 = Debug|Any CPU
		{DC9F4C3B-7957-4F98-9612-FDE37345CCA8}.Debug|x86.ActiveCfg = Debug|Any CPU
		{DC9F4C3B-7957-4F98-9612-FDE37345CCA8}.Debug|x86.Build.0 = Debug|Any CPU
		{DC9F4C3B-7957-4F98-9612-FDE37345CCA8}.Release|Any CPU.ActiveCfg = Release|Any CPU
		{DC9F4C3B-7957-4F98-9612-FDE37345CCA8}.Release|Any CPU.Build.0 = Release|Any CPU
		{DC9F4C3B-7957-4F98-9612-FDE37345CCA8}.Release|x64.ActiveCfg = Release|Any CPU
		{DC9F4C3B-7957-4F98-9612-FDE37345CCA8}.Release|x64.Build.0 = Release|Any CPU
		{DC9F4C3B-7957-4F98-9612-FDE37345CCA8}.Release|x86.ActiveCfg = Release|Any CPU
		{DC9F4C3B-7957-4F98-9612-FDE37345CCA8}.Release|x86.Build.0 = Release|Any CPU
		{BCD58A2F-99BD-4763-A42A-CDE60F9CEEB6}.Debug|Any CPU.ActiveCfg = Debug|Any CPU
		{BCD58A2F-99BD-4763-A42A-CDE60F9CEEB6}.Debug|Any CPU.Build.0 = Debug|Any CPU
		{BCD58A2F-99BD-4763-A42A-CDE60F9CEEB6}.Debug|x64.ActiveCfg = Debug|Any CPU
		{BCD58A2F-99BD-4763-A42A-CDE60F9CEEB6}.Debug|x64.Build.0 = Debug|Any CPU
		{BCD58A2F-99BD-4763-A42A-CDE60F9CEEB6}.Debug|x86.ActiveCfg = Debug|Any CPU
		{BCD58A2F-99BD-4763-A42A-CDE60F9CEEB6}.Debug|x86.Build.0 = Debug|Any CPU
		{BCD58A2F-99BD-4763-A42A-CDE60F9CEEB6}.Release|Any CPU.ActiveCfg = Release|Any CPU
		{BCD58A2F-99BD-4763-A42A-CDE60F9CEEB6}.Release|Any CPU.Build.0 = Release|Any CPU
		{BCD58A2F-99BD-4763-A42A-CDE60F9CEEB6}.Release|x64.ActiveCfg = Release|Any CPU
		{BCD58A2F-99BD-4763-A42A-CDE60F9CEEB6}.Release|x64.Build.0 = Release|Any CPU
		{BCD58A2F-99BD-4763-A42A-CDE60F9CEEB6}.Release|x86.ActiveCfg = Release|Any CPU
		{BCD58A2F-99BD-4763-A42A-CDE60F9CEEB6}.Release|x86.Build.0 = Release|Any CPU
	EndGlobalSection
	GlobalSection(SolutionProperties) = preSolution
		HideSolutionNode = FALSE
	EndGlobalSection
	GlobalSection(NestedProjects) = preSolution
		{15524136-60DD-4112-A90D-2E945CB1715B} = {40CBE6CB-B1F7-42C7-8236-0208B8E826C0}
		{D54908E2-0BF9-4D95-A418-30AD85B3D337} = {40CBE6CB-B1F7-42C7-8236-0208B8E826C0}
		{B75A35F5-BDBC-4401-BC6D-F07830D8C547} = {F853C721-D5FA-4280-9D7C-8026E4DE83EC}
		{96EEB3E8-8D62-4587-ADFB-D61855AF4DB7} = {F31F3008-05D0-441F-8334-D0F237368C38}
		{48993D7C-C4BC-4B04-AF2D-3619EA7511E3} = {67532661-E8F4-4EB6-91FD-281A12700C03}
		{25FFEFA0-58AD-428D-83C6-55C0C5454EDD} = {F31F3008-05D0-441F-8334-D0F237368C38}
		{5F02E587-7393-423C-A8CE-449D6911D2CD} = {F31F3008-05D0-441F-8334-D0F237368C38}
		{606ABE68-7BC3-4237-B75D-E45213BE7AA5} = {40CBE6CB-B1F7-42C7-8236-0208B8E826C0}
		{741E7682-CC3E-46BD-9DCC-A3454362F32C} = {40CBE6CB-B1F7-42C7-8236-0208B8E826C0}
		{DC9F4C3B-7957-4F98-9612-FDE37345CCA8} = {67532661-E8F4-4EB6-91FD-281A12700C03}
		{BCD58A2F-99BD-4763-A42A-CDE60F9CEEB6} = {67532661-E8F4-4EB6-91FD-281A12700C03}
	EndGlobalSection
	GlobalSection(ExtensibilityGlobals) = postSolution
		SolutionGuid = {0A9A1919-87BB-4C42-B2C7-2AC6EEBBCE87}
	EndGlobalSection
EndGlobal
