
Microsoft Visual Studio Solution File, Format Version 12.00
# Visual Studio 15
VisualStudioVersion = 15.0.26124.0
MinimumVisualStudioVersion = 15.0.26124.0
Project("{FAE04EC0-301F-11D3-BF4B-00C04F79EFBC}") = "CHC.Consent.Common", "CHC.Consent.Common\CHC.Consent.Common.csproj", "{3A2BA605-7F23-44EB-9E7B-2231553F5FD4}"
EndProject
Project("{FAE04EC0-301F-11D3-BF4B-00C04F79EFBC}") = "CHC.Consent.Common.Tests", "CHC.Consent.Common.Tests\CHC.Consent.Common.Tests.csproj", "{B0DDAA1C-BEBA-4A20-A26A-351CC3E89CB8}"
EndProject
Project("{FAE04EC0-301F-11D3-BF4B-00C04F79EFBC}") = "CHC.Consent.IntegrationTests", "CHC.Consent.IntegrationTests\CHC.Consent.IntegrationTests.csproj", "{69466B95-E11B-496B-BEF6-6E33352442D3}"
EndProject
Project("{FAE04EC0-301F-11D3-BF4B-00C04F79EFBC}") = "CHC.Consent.NHibernate", "CHC.Consent.NHibernate\CHC.Consent.NHibernate.csproj", "{15524136-60DD-4112-A90D-2E945CB1715B}"
EndProject
Project("{FAE04EC0-301F-11D3-BF4B-00C04F79EFBC}") = "CHC.Consent.NHibernate.Tests", "CHC.Consent.NHibernate.Tests\CHC.Consent.NHibernate.Tests.csproj", "{D54908E2-0BF9-4D95-A418-30AD85B3D337}"
EndProject
Project("{FAE04EC0-301F-11D3-BF4B-00C04F79EFBC}") = "CHC.Consent.Core", "CHC.Consent.Core\CHC.Consent.Core.csproj", "{B75A35F5-BDBC-4401-BC6D-F07830D8C547}"
EndProject
Project("{FAE04EC0-301F-11D3-BF4B-00C04F79EFBC}") = "CHC.Consent.Identity.Core", "CHC.Consent.Identity.Core\CHC.Consent.Identity.Core.csproj", "{96EEB3E8-8D62-4587-ADFB-D61855AF4DB7}"
EndProject
Project("{2150E333-8FDC-42A3-9474-1A3956D46DE8}") = "Consent", "Consent", "{F853C721-D5FA-4280-9D7C-8026E4DE83EC}"
EndProject
Project("{2150E333-8FDC-42A3-9474-1A3956D46DE8}") = "Identity", "Identity", "{F31F3008-05D0-441F-8334-D0F237368C38}"
EndProject
Project("{2150E333-8FDC-42A3-9474-1A3956D46DE8}") = "Common", "Common", "{67532661-E8F4-4EB6-91FD-281A12700C03}"
EndProject
Global
	GlobalSection(SolutionConfigurationPlatforms) = preSolution
		Debug|Any CPU = Debug|Any CPU
		Debug|x64 = Debug|x64
		Debug|x86 = Debug|x86
		Release|Any CPU = Release|Any CPU
		Release|x64 = Release|x64
		Release|x86 = Release|x86
	EndGlobalSection
	GlobalSection(SolutionProperties) = preSolution
		HideSolutionNode = FALSE
	EndGlobalSection
	GlobalSection(ProjectConfigurationPlatforms) = postSolution
		{3A2BA605-7F23-44EB-9E7B-2231553F5FD4}.Debug|Any CPU.ActiveCfg = Debug|Any CPU
		{3A2BA605-7F23-44EB-9E7B-2231553F5FD4}.Debug|Any CPU.Build.0 = Debug|Any CPU
		{3A2BA605-7F23-44EB-9E7B-2231553F5FD4}.Debug|x64.ActiveCfg = Debug|x64
		{3A2BA605-7F23-44EB-9E7B-2231553F5FD4}.Debug|x64.Build.0 = Debug|x64
		{3A2BA605-7F23-44EB-9E7B-2231553F5FD4}.Debug|x86.ActiveCfg = Debug|x86
		{3A2BA605-7F23-44EB-9E7B-2231553F5FD4}.Debug|x86.Build.0 = Debug|x86
		{3A2BA605-7F23-44EB-9E7B-2231553F5FD4}.Release|Any CPU.ActiveCfg = Release|Any CPU
		{3A2BA605-7F23-44EB-9E7B-2231553F5FD4}.Release|Any CPU.Build.0 = Release|Any CPU
		{3A2BA605-7F23-44EB-9E7B-2231553F5FD4}.Release|x64.ActiveCfg = Release|x64
		{3A2BA605-7F23-44EB-9E7B-2231553F5FD4}.Release|x64.Build.0 = Release|x64
		{3A2BA605-7F23-44EB-9E7B-2231553F5FD4}.Release|x86.ActiveCfg = Release|x86
		{3A2BA605-7F23-44EB-9E7B-2231553F5FD4}.Release|x86.Build.0 = Release|x86
		{B0DDAA1C-BEBA-4A20-A26A-351CC3E89CB8}.Debug|Any CPU.ActiveCfg = Debug|Any CPU
		{B0DDAA1C-BEBA-4A20-A26A-351CC3E89CB8}.Debug|Any CPU.Build.0 = Debug|Any CPU
		{B0DDAA1C-BEBA-4A20-A26A-351CC3E89CB8}.Debug|x64.ActiveCfg = Debug|x64
		{B0DDAA1C-BEBA-4A20-A26A-351CC3E89CB8}.Debug|x64.Build.0 = Debug|x64
		{B0DDAA1C-BEBA-4A20-A26A-351CC3E89CB8}.Debug|x86.ActiveCfg = Debug|x86
		{B0DDAA1C-BEBA-4A20-A26A-351CC3E89CB8}.Debug|x86.Build.0 = Debug|x86
		{B0DDAA1C-BEBA-4A20-A26A-351CC3E89CB8}.Release|Any CPU.ActiveCfg = Release|Any CPU
		{B0DDAA1C-BEBA-4A20-A26A-351CC3E89CB8}.Release|Any CPU.Build.0 = Release|Any CPU
		{B0DDAA1C-BEBA-4A20-A26A-351CC3E89CB8}.Release|x64.ActiveCfg = Release|x64
		{B0DDAA1C-BEBA-4A20-A26A-351CC3E89CB8}.Release|x64.Build.0 = Release|x64
		{B0DDAA1C-BEBA-4A20-A26A-351CC3E89CB8}.Release|x86.ActiveCfg = Release|x86
		{B0DDAA1C-BEBA-4A20-A26A-351CC3E89CB8}.Release|x86.Build.0 = Release|x86
		{69466B95-E11B-496B-BEF6-6E33352442D3}.Debug|Any CPU.ActiveCfg = Debug|Any CPU
		{69466B95-E11B-496B-BEF6-6E33352442D3}.Debug|Any CPU.Build.0 = Debug|Any CPU
		{69466B95-E11B-496B-BEF6-6E33352442D3}.Debug|x64.ActiveCfg = Debug|x64
		{69466B95-E11B-496B-BEF6-6E33352442D3}.Debug|x64.Build.0 = Debug|x64
		{69466B95-E11B-496B-BEF6-6E33352442D3}.Debug|x86.ActiveCfg = Debug|x86
		{69466B95-E11B-496B-BEF6-6E33352442D3}.Debug|x86.Build.0 = Debug|x86
		{69466B95-E11B-496B-BEF6-6E33352442D3}.Release|Any CPU.ActiveCfg = Release|Any CPU
		{69466B95-E11B-496B-BEF6-6E33352442D3}.Release|Any CPU.Build.0 = Release|Any CPU
		{69466B95-E11B-496B-BEF6-6E33352442D3}.Release|x64.ActiveCfg = Release|x64
		{69466B95-E11B-496B-BEF6-6E33352442D3}.Release|x64.Build.0 = Release|x64
		{69466B95-E11B-496B-BEF6-6E33352442D3}.Release|x86.ActiveCfg = Release|x86
		{69466B95-E11B-496B-BEF6-6E33352442D3}.Release|x86.Build.0 = Release|x86
		{15524136-60DD-4112-A90D-2E945CB1715B}.Debug|Any CPU.ActiveCfg = Debug|Any CPU
		{15524136-60DD-4112-A90D-2E945CB1715B}.Debug|Any CPU.Build.0 = Debug|Any CPU
		{15524136-60DD-4112-A90D-2E945CB1715B}.Debug|x64.ActiveCfg = Debug|x64
		{15524136-60DD-4112-A90D-2E945CB1715B}.Debug|x64.Build.0 = Debug|x64
		{15524136-60DD-4112-A90D-2E945CB1715B}.Debug|x86.ActiveCfg = Debug|x86
		{15524136-60DD-4112-A90D-2E945CB1715B}.Debug|x86.Build.0 = Debug|x86
		{15524136-60DD-4112-A90D-2E945CB1715B}.Release|Any CPU.ActiveCfg = Release|Any CPU
		{15524136-60DD-4112-A90D-2E945CB1715B}.Release|Any CPU.Build.0 = Release|Any CPU
		{15524136-60DD-4112-A90D-2E945CB1715B}.Release|x64.ActiveCfg = Release|x64
		{15524136-60DD-4112-A90D-2E945CB1715B}.Release|x64.Build.0 = Release|x64
		{15524136-60DD-4112-A90D-2E945CB1715B}.Release|x86.ActiveCfg = Release|x86
		{15524136-60DD-4112-A90D-2E945CB1715B}.Release|x86.Build.0 = Release|x86
		{D54908E2-0BF9-4D95-A418-30AD85B3D337}.Debug|Any CPU.ActiveCfg = Debug|Any CPU
		{D54908E2-0BF9-4D95-A418-30AD85B3D337}.Debug|Any CPU.Build.0 = Debug|Any CPU
		{D54908E2-0BF9-4D95-A418-30AD85B3D337}.Debug|x64.ActiveCfg = Debug|x64
		{D54908E2-0BF9-4D95-A418-30AD85B3D337}.Debug|x64.Build.0 = Debug|x64
		{D54908E2-0BF9-4D95-A418-30AD85B3D337}.Debug|x86.ActiveCfg = Debug|x86
		{D54908E2-0BF9-4D95-A418-30AD85B3D337}.Debug|x86.Build.0 = Debug|x86
		{D54908E2-0BF9-4D95-A418-30AD85B3D337}.Release|Any CPU.ActiveCfg = Release|Any CPU
		{D54908E2-0BF9-4D95-A418-30AD85B3D337}.Release|Any CPU.Build.0 = Release|Any CPU
		{D54908E2-0BF9-4D95-A418-30AD85B3D337}.Release|x64.ActiveCfg = Release|x64
		{D54908E2-0BF9-4D95-A418-30AD85B3D337}.Release|x64.Build.0 = Release|x64
		{D54908E2-0BF9-4D95-A418-30AD85B3D337}.Release|x86.ActiveCfg = Release|x86
		{D54908E2-0BF9-4D95-A418-30AD85B3D337}.Release|x86.Build.0 = Release|x86
		{B75A35F5-BDBC-4401-BC6D-F07830D8C547}.Debug|Any CPU.ActiveCfg = Debug|Any CPU
		{B75A35F5-BDBC-4401-BC6D-F07830D8C547}.Debug|Any CPU.Build.0 = Debug|Any CPU
		{B75A35F5-BDBC-4401-BC6D-F07830D8C547}.Debug|x64.ActiveCfg = Debug|x64
		{B75A35F5-BDBC-4401-BC6D-F07830D8C547}.Debug|x64.Build.0 = Debug|x64
		{B75A35F5-BDBC-4401-BC6D-F07830D8C547}.Debug|x86.ActiveCfg = Debug|x86
		{B75A35F5-BDBC-4401-BC6D-F07830D8C547}.Debug|x86.Build.0 = Debug|x86
		{B75A35F5-BDBC-4401-BC6D-F07830D8C547}.Release|Any CPU.ActiveCfg = Release|Any CPU
		{B75A35F5-BDBC-4401-BC6D-F07830D8C547}.Release|Any CPU.Build.0 = Release|Any CPU
		{B75A35F5-BDBC-4401-BC6D-F07830D8C547}.Release|x64.ActiveCfg = Release|x64
		{B75A35F5-BDBC-4401-BC6D-F07830D8C547}.Release|x64.Build.0 = Release|x64
		{B75A35F5-BDBC-4401-BC6D-F07830D8C547}.Release|x86.ActiveCfg = Release|x86
		{B75A35F5-BDBC-4401-BC6D-F07830D8C547}.Release|x86.Build.0 = Release|x86
		{96EEB3E8-8D62-4587-ADFB-D61855AF4DB7}.Debug|Any CPU.ActiveCfg = Debug|Any CPU
		{96EEB3E8-8D62-4587-ADFB-D61855AF4DB7}.Debug|Any CPU.Build.0 = Debug|Any CPU
		{96EEB3E8-8D62-4587-ADFB-D61855AF4DB7}.Debug|x64.ActiveCfg = Debug|x64
		{96EEB3E8-8D62-4587-ADFB-D61855AF4DB7}.Debug|x64.Build.0 = Debug|x64
		{96EEB3E8-8D62-4587-ADFB-D61855AF4DB7}.Debug|x86.ActiveCfg = Debug|x86
		{96EEB3E8-8D62-4587-ADFB-D61855AF4DB7}.Debug|x86.Build.0 = Debug|x86
		{96EEB3E8-8D62-4587-ADFB-D61855AF4DB7}.Release|Any CPU.ActiveCfg = Release|Any CPU
		{96EEB3E8-8D62-4587-ADFB-D61855AF4DB7}.Release|Any CPU.Build.0 = Release|Any CPU
		{96EEB3E8-8D62-4587-ADFB-D61855AF4DB7}.Release|x64.ActiveCfg = Release|x64
		{96EEB3E8-8D62-4587-ADFB-D61855AF4DB7}.Release|x64.Build.0 = Release|x64
		{96EEB3E8-8D62-4587-ADFB-D61855AF4DB7}.Release|x86.ActiveCfg = Release|x86
		{96EEB3E8-8D62-4587-ADFB-D61855AF4DB7}.Release|x86.Build.0 = Release|x86
	EndGlobalSection
	GlobalSection(NestedProjects) = preSolution
		{B75A35F5-BDBC-4401-BC6D-F07830D8C547} = {F853C721-D5FA-4280-9D7C-8026E4DE83EC}
		{96EEB3E8-8D62-4587-ADFB-D61855AF4DB7} = {F31F3008-05D0-441F-8334-D0F237368C38}
	EndGlobalSection
EndGlobal
