# THIS IS AN AUTOGENERATED FILE. DO NOT EDIT THIS FILE DIRECTLY.
# yarn lockfile v1


"@bower_components/bootstrap@twbs/bootstrap#^4.0.0":
  version "4.0.0"
  resolved "https://codeload.github.com/twbs/bootstrap/tar.gz/8a628b943cf31ca0a002c08af661a95772480225"

"@bower_components/jquery-validation-unobtrusive-bootstrap@brecons/jquery-validation-unobtrusive-bootstrap#^2.0.0":
  version "0.0.0"
  resolved "https://codeload.github.com/brecons/jquery-validation-unobtrusive-bootstrap/tar.gz/c5e0823d876d7611ae245dfc180f5d5a48620f4a"

"@bower_components/jquery-validation-unobtrusive@aspnet/jquery-validation-unobtrusive#3.2.6":
  version "3.2.6"
  resolved "https://codeload.github.com/aspnet/jquery-validation-unobtrusive/tar.gz/47e82bc6cb86a05247f8c3846192228038572783"
  dependencies:
    jquery ">=1.8"
    jquery-validation ">=1.8"

"@bower_components/jquery-validation@jzaefferer/jquery-validation#>=1.8":
  version "1.17.0"
  resolved "https://codeload.github.com/jzaefferer/jquery-validation/tar.gz/fc9b12d3bfaa2d0c04605855b896edb2934c0772"
  dependencies:
    jquery "^1.7 || ^2.0 || ^3.1"

"@bower_components/jquery@jquery/jquery-dist#3.2.1":
  version "3.2.1"
  resolved "https://codeload.github.com/jquery/jquery-dist/tar.gz/77d2a51d0520d2ee44173afdf4e40a9201f5964e"

jquery-validation@>=1.8:
  version "1.17.0"
  resolved "https://registry.yarnpkg.com/jquery-validation/-/jquery-validation-1.17.0.tgz#ab66b6b583d7740b9bbd148993e50e8ac041f35b"
  dependencies:
    jquery "^1.7 || ^2.0 || ^3.1"

jquery@>=1.8, "jquery@^1.7 || ^2.0 || ^3.1":
  version "3.3.1"
  resolved "https://registry.yarnpkg.com/jquery/-/jquery-3.3.1.tgz#958ce29e81c9790f31be7792df5d4d95fc57fbca"
