
Microsoft Visual Studio Solution File, Format Version 12.00
Project("{FAE04EC0-301F-11D3-BF4B-00C04F79EFBC}") = "CHC.Consent.Common", "CHC.Consent.Common\CHC.Consent.Common.csproj", "{5CF2CE95-0242-4068-B31A-116171037E8B}"
EndProject
Project("{FAE04EC0-301F-11D3-BF4B-00C04F79EFBC}") = "CHC.Consent.Api", "CHC.Consent.Api\CHC.Consent.Api.csproj", "{DB92F0CE-E26C-42FF-90FF-40720930E233}"
EndProject
Project("{FAE04EC0-301F-11D3-BF4B-00C04F79EFBC}") = "CHC.Consent.Tests", "CHC.Consent.Tests\CHC.Consent.Tests.csproj", "{AF832F18-5967-433E-9A30-86DD2C9746C5}"
EndProject
Project("{FAE04EC0-301F-11D3-BF4B-00C04F79EFBC}") = "CHC.Consent.EFCore", "CHC.Consent.EFCore\CHC.Consent.EFCore.csproj", "{CDDE7330-870E-4EEF-A98E-F9C8B8923F25}"
EndProject
Project("{FAE04EC0-301F-11D3-BF4B-00C04F79EFBC}") = "CHC.Consent.EFCore.Tests", "CHC.Consent.EFCore.Tests\CHC.Consent.EFCore.Tests.csproj", "{294E8094-D022-4F61-A799-E3E508E1FB2A}"
EndProject
Project("{FAE04EC0-301F-11D3-BF4B-00C04F79EFBC}") = "CHC.Consent.Testing.Utils", "CHC.Consent.Testing.Utils\CHC.Consent.Testing.Utils.csproj", "{7D1EFE71-9C0B-4F6A-8D17-DF15D18F5AA3}"
EndProject
Project("{FAE04EC0-301F-11D3-BF4B-00C04F79EFBC}") = "CHC.Consent.DataImporter", "CHC.Consent.DataImporter\CHC.Consent.DataImporter.csproj", "{2268F6BE-3E26-4F53-AFE4-931C52AF6AE5}"
EndProject
Project("{FAE04EC0-301F-11D3-BF4B-00C04F79EFBC}") = "CHC.Consent.Api.Client", "CHC.Consent.Api.Client\CHC.Consent.Api.Client.csproj", "{02A0FC9D-494A-412F-AFCA-83589832619C}"
EndProject
Project("{FAE04EC0-301F-11D3-BF4B-00C04F79EFBC}") = "CHC.Consent.DependencyInjection", "CHC.Consent.DependencyInjection\CHC.Consent.DependencyInjection.csproj", "{4B512A33-8B34-4BB8-A810-0F9FE4E8EBDC}"
EndProject
Project("{FAE04EC0-301F-11D3-BF4B-00C04F79EFBC}") = "CHC.Consent.Api.Bootstrap", "CHC.Consent.Api.Bootstrap\CHC.Consent.Api.Bootstrap.csproj", "{2CA234E7-601D-4994-9FBA-DD078256E1E0}"
EndProject
Project("{FAE04EC0-301F-11D3-BF4B-00C04F79EFBC}") = "CHC.Consent.Tests.Integration", "CHC.Consent.Tests.Integration\CHC.Consent.Tests.Integration.csproj", "{D7CD6C78-5E22-4474-8FE3-6433E1D5F90E}"
EndProject
Global
	GlobalSection(SolutionConfigurationPlatforms) = preSolution
		Debug|Any CPU = Debug|Any CPU
		Release|Any CPU = Release|Any CPU
	EndGlobalSection
	GlobalSection(ProjectConfigurationPlatforms) = postSolution
		{5CF2CE95-0242-4068-B31A-116171037E8B}.Debug|Any CPU.ActiveCfg = Debug|Any CPU
		{5CF2CE95-0242-4068-B31A-116171037E8B}.Debug|Any CPU.Build.0 = Debug|Any CPU
		{5CF2CE95-0242-4068-B31A-116171037E8B}.Release|Any CPU.ActiveCfg = Release|Any CPU
		{5CF2CE95-0242-4068-B31A-116171037E8B}.Release|Any CPU.Build.0 = Release|Any CPU
		{DB92F0CE-E26C-42FF-90FF-40720930E233}.Debug|Any CPU.ActiveCfg = Debug|Any CPU
		{DB92F0CE-E26C-42FF-90FF-40720930E233}.Debug|Any CPU.Build.0 = Debug|Any CPU
		{DB92F0CE-E26C-42FF-90FF-40720930E233}.Release|Any CPU.ActiveCfg = Release|Any CPU
		{DB92F0CE-E26C-42FF-90FF-40720930E233}.Release|Any CPU.Build.0 = Release|Any CPU
		{AF832F18-5967-433E-9A30-86DD2C9746C5}.Debug|Any CPU.ActiveCfg = Debug|Any CPU
		{AF832F18-5967-433E-9A30-86DD2C9746C5}.Debug|Any CPU.Build.0 = Debug|Any CPU
		{AF832F18-5967-433E-9A30-86DD2C9746C5}.Release|Any CPU.ActiveCfg = Release|Any CPU
		{AF832F18-5967-433E-9A30-86DD2C9746C5}.Release|Any CPU.Build.0 = Release|Any CPU
		{CDDE7330-870E-4EEF-A98E-F9C8B8923F25}.Debug|Any CPU.ActiveCfg = Debug|Any CPU
		{CDDE7330-870E-4EEF-A98E-F9C8B8923F25}.Debug|Any CPU.Build.0 = Debug|Any CPU
		{CDDE7330-870E-4EEF-A98E-F9C8B8923F25}.Release|Any CPU.ActiveCfg = Release|Any CPU
		{CDDE7330-870E-4EEF-A98E-F9C8B8923F25}.Release|Any CPU.Build.0 = Release|Any CPU
		{294E8094-D022-4F61-A799-E3E508E1FB2A}.Debug|Any CPU.ActiveCfg = Debug|Any CPU
		{294E8094-D022-4F61-A799-E3E508E1FB2A}.Debug|Any CPU.Build.0 = Debug|Any CPU
		{294E8094-D022-4F61-A799-E3E508E1FB2A}.Release|Any CPU.ActiveCfg = Release|Any CPU
		{294E8094-D022-4F61-A799-E3E508E1FB2A}.Release|Any CPU.Build.0 = Release|Any CPU
		{7D1EFE71-9C0B-4F6A-8D17-DF15D18F5AA3}.Debug|Any CPU.ActiveCfg = Debug|Any CPU
		{7D1EFE71-9C0B-4F6A-8D17-DF15D18F5AA3}.Debug|Any CPU.Build.0 = Debug|Any CPU
		{7D1EFE71-9C0B-4F6A-8D17-DF15D18F5AA3}.Release|Any CPU.ActiveCfg = Release|Any CPU
		{7D1EFE71-9C0B-4F6A-8D17-DF15D18F5AA3}.Release|Any CPU.Build.0 = Release|Any CPU
		{2268F6BE-3E26-4F53-AFE4-931C52AF6AE5}.Debug|Any CPU.ActiveCfg = Debug|Any CPU
		{2268F6BE-3E26-4F53-AFE4-931C52AF6AE5}.Debug|Any CPU.Build.0 = Debug|Any CPU
		{2268F6BE-3E26-4F53-AFE4-931C52AF6AE5}.Release|Any CPU.ActiveCfg = Release|Any CPU
		{2268F6BE-3E26-4F53-AFE4-931C52AF6AE5}.Release|Any CPU.Build.0 = Release|Any CPU
		{02A0FC9D-494A-412F-AFCA-83589832619C}.Debug|Any CPU.ActiveCfg = Debug|Any CPU
		{02A0FC9D-494A-412F-AFCA-83589832619C}.Debug|Any CPU.Build.0 = Debug|Any CPU
		{02A0FC9D-494A-412F-AFCA-83589832619C}.Release|Any CPU.ActiveCfg = Release|Any CPU
		{02A0FC9D-494A-412F-AFCA-83589832619C}.Release|Any CPU.Build.0 = Release|Any CPU
		{4B512A33-8B34-4BB8-A810-0F9FE4E8EBDC}.Debug|Any CPU.ActiveCfg = Debug|Any CPU
		{4B512A33-8B34-4BB8-A810-0F9FE4E8EBDC}.Debug|Any CPU.Build.0 = Debug|Any CPU
		{4B512A33-8B34-4BB8-A810-0F9FE4E8EBDC}.Release|Any CPU.ActiveCfg = Release|Any CPU
		{4B512A33-8B34-4BB8-A810-0F9FE4E8EBDC}.Release|Any CPU.Build.0 = Release|Any CPU
		{2CA234E7-601D-4994-9FBA-DD078256E1E0}.Debug|Any CPU.ActiveCfg = Debug|Any CPU
		{2CA234E7-601D-4994-9FBA-DD078256E1E0}.Debug|Any CPU.Build.0 = Debug|Any CPU
		{2CA234E7-601D-4994-9FBA-DD078256E1E0}.Release|Any CPU.ActiveCfg = Release|Any CPU
		{2CA234E7-601D-4994-9FBA-DD078256E1E0}.Release|Any CPU.Build.0 = Release|Any CPU
		{D7CD6C78-5E22-4474-8FE3-6433E1D5F90E}.Debug|Any CPU.ActiveCfg = Debug|Any CPU
		{D7CD6C78-5E22-4474-8FE3-6433E1D5F90E}.Debug|Any CPU.Build.0 = Debug|Any CPU
		{D7CD6C78-5E22-4474-8FE3-6433E1D5F90E}.Release|Any CPU.ActiveCfg = Release|Any CPU
		{D7CD6C78-5E22-4474-8FE3-6433E1D5F90E}.Release|Any CPU.Build.0 = Release|Any CPU
	EndGlobalSection
EndGlobal
